
Microsoft Visual Studio Solution File, Format Version 12.00
# Visual Studio 15
VisualStudioVersion = 15.0.27428.2037
MinimumVisualStudioVersion = 10.0.40219.1
Project("{8BC9CEB8-8B4A-11D0-8D11-00A0C91BC942}") = "render", "render\render.vcxproj", "{29385F9A-2274-49AD-A481-1BEF781503DD}"
EndProject
Project("{8BC9CEB8-8B4A-11D0-8D11-00A0C91BC942}") = "articulation", "articulation\articulation.vcxproj", "{75AB2A77-4FD3-4E01-BA3E-C12296DE3128}"
EndProject
Project("{8BC9CEB8-8B4A-11D0-8D11-00A0C91BC942}") = "calibration", "calibration\calibration.vcxproj", "{8A051521-AD9B-40CF-BB53-B319D4589819}"
EndProject
Project("{8BC9CEB8-8B4A-11D0-8D11-00A0C91BC942}") = "VAE", "VAE\VAE.vcxproj", "{22E8C7C3-9CC0-4412-9958-E8D0BB3C8AF8}"
EndProject
Project("{8BC9CEB8-8B4A-11D0-8D11-00A0C91BC942}") = "GMM", "GMM\GMM.vcxproj", "{7DCB1D36-65EE-41D3-A587-8A666ADDA922}"
EndProject
Project("{8BC9CEB8-8B4A-11D0-8D11-00A0C91BC942}") = "annotator", "annotator\annotator.vcxproj", "{06E46E8A-1B67-4845-9BB4-69043BB3EFAC}"
EndProject
Project("{8BC9CEB8-8B4A-11D0-8D11-00A0C91BC942}") = "utils", "utils\utils.vcxproj", "{6365F9BA-6CF8-4FA7-8620-A1CC2247AF30}"
EndProject
Project("{8BC9CEB8-8B4A-11D0-8D11-00A0C91BC942}") = "distance_transform", "distance_transform\distance_transform.vcxproj", "{550C44CB-85EC-4575-959D-752EDB78C0FC}"
EndProject
Project("{8BC9CEB8-8B4A-11D0-8D11-00A0C91BC942}") = "shapesolver", "shapesolver\shapesolver.vcxproj", "{D14DF95A-5EBA-4B09-AC9D-F6DCD5CECECC}"
EndProject
Project("{8BC9CEB8-8B4A-11D0-8D11-00A0C91BC942}") = "posesolver", "posesolver\posesolver.vcxproj", "{77596E1D-A0D3-4E18-AECF-85D6938E20CA}"
EndProject
Project("{8BC9CEB8-8B4A-11D0-8D11-00A0C91BC942}") = "tracking", "tracking\tracking.vcxproj", "{6BB5D42B-28E1-4129-9310-819E51601F99}"
EndProject
Project("{8BC9CEB8-8B4A-11D0-8D11-00A0C91BC942}") = "gait", "gait\gait.vcxproj", "{064E9564-5EDE-4687-ABE7-C1B91AFE5DA5}"
EndProject
Project("{8BC9CEB8-8B4A-11D0-8D11-00A0C91BC942}") = "calibration2", "calibration2\calibration2.vcxproj", "{BD2C2199-99F8-4FE8-959B-C440CB8BC474}"
EndProject
Project("{8BC9CEB8-8B4A-11D0-8D11-00A0C91BC942}") = "nm_eval", "nm_eval\nm_eval.vcxproj", "{AAEB38C3-C004-4680-946B-0B62E4639F99}"
EndProject
Global
	GlobalSection(SolutionConfigurationPlatforms) = preSolution
		Debug|x64 = Debug|x64
		Debug|x86 = Debug|x86
		Release|x64 = Release|x64
		Release|x86 = Release|x86
	EndGlobalSection
	GlobalSection(ProjectConfigurationPlatforms) = postSolution
		{29385F9A-2274-49AD-A481-1BEF781503DD}.Debug|x64.ActiveCfg = Debug|x64
		{29385F9A-2274-49AD-A481-1BEF781503DD}.Debug|x64.Build.0 = Debug|x64
		{29385F9A-2274-49AD-A481-1BEF781503DD}.Debug|x86.ActiveCfg = Debug|Win32
		{29385F9A-2274-49AD-A481-1BEF781503DD}.Debug|x86.Build.0 = Debug|Win32
		{29385F9A-2274-49AD-A481-1BEF781503DD}.Release|x64.ActiveCfg = Release|x64
		{29385F9A-2274-49AD-A481-1BEF781503DD}.Release|x64.Build.0 = Release|x64
		{29385F9A-2274-49AD-A481-1BEF781503DD}.Release|x86.ActiveCfg = Release|Win32
		{29385F9A-2274-49AD-A481-1BEF781503DD}.Release|x86.Build.0 = Release|Win32
		{75AB2A77-4FD3-4E01-BA3E-C12296DE3128}.Debug|x64.ActiveCfg = Debug|x64
		{75AB2A77-4FD3-4E01-BA3E-C12296DE3128}.Debug|x64.Build.0 = Debug|x64
		{75AB2A77-4FD3-4E01-BA3E-C12296DE3128}.Debug|x86.ActiveCfg = Debug|Win32
		{75AB2A77-4FD3-4E01-BA3E-C12296DE3128}.Debug|x86.Build.0 = Debug|Win32
		{75AB2A77-4FD3-4E01-BA3E-C12296DE3128}.Release|x64.ActiveCfg = Release|x64
		{75AB2A77-4FD3-4E01-BA3E-C12296DE3128}.Release|x64.Build.0 = Release|x64
		{75AB2A77-4FD3-4E01-BA3E-C12296DE3128}.Release|x86.ActiveCfg = Release|Win32
		{75AB2A77-4FD3-4E01-BA3E-C12296DE3128}.Release|x86.Build.0 = Release|Win32
		{8A051521-AD9B-40CF-BB53-B319D4589819}.Debug|x64.ActiveCfg = Debug|x64
		{8A051521-AD9B-40CF-BB53-B319D4589819}.Debug|x64.Build.0 = Debug|x64
		{8A051521-AD9B-40CF-BB53-B319D4589819}.Debug|x86.ActiveCfg = Debug|Win32
		{8A051521-AD9B-40CF-BB53-B319D4589819}.Debug|x86.Build.0 = Debug|Win32
		{8A051521-AD9B-40CF-BB53-B319D4589819}.Release|x64.ActiveCfg = Release|x64
		{8A051521-AD9B-40CF-BB53-B319D4589819}.Release|x64.Build.0 = Release|x64
		{8A051521-AD9B-40CF-BB53-B319D4589819}.Release|x86.ActiveCfg = Release|Win32
		{8A051521-AD9B-40CF-BB53-B319D4589819}.Release|x86.Build.0 = Release|Win32
		{22E8C7C3-9CC0-4412-9958-E8D0BB3C8AF8}.Debug|x64.ActiveCfg = Debug|x64
		{22E8C7C3-9CC0-4412-9958-E8D0BB3C8AF8}.Debug|x64.Build.0 = Debug|x64
		{22E8C7C3-9CC0-4412-9958-E8D0BB3C8AF8}.Debug|x86.ActiveCfg = Debug|Win32
		{22E8C7C3-9CC0-4412-9958-E8D0BB3C8AF8}.Debug|x86.Build.0 = Debug|Win32
		{22E8C7C3-9CC0-4412-9958-E8D0BB3C8AF8}.Release|x64.ActiveCfg = Release|x64
		{22E8C7C3-9CC0-4412-9958-E8D0BB3C8AF8}.Release|x64.Build.0 = Release|x64
		{22E8C7C3-9CC0-4412-9958-E8D0BB3C8AF8}.Release|x86.ActiveCfg = Release|Win32
		{22E8C7C3-9CC0-4412-9958-E8D0BB3C8AF8}.Release|x86.Build.0 = Release|Win32
		{7DCB1D36-65EE-41D3-A587-8A666ADDA922}.Debug|x64.ActiveCfg = Debug|x64
		{7DCB1D36-65EE-41D3-A587-8A666ADDA922}.Debug|x64.Build.0 = Debug|x64
		{7DCB1D36-65EE-41D3-A587-8A666ADDA922}.Debug|x86.ActiveCfg = Debug|Win32
		{7DCB1D36-65EE-41D3-A587-8A666ADDA922}.Debug|x86.Build.0 = Debug|Win32
		{7DCB1D36-65EE-41D3-A587-8A666ADDA922}.Release|x64.ActiveCfg = Release|x64
		{7DCB1D36-65EE-41D3-A587-8A666ADDA922}.Release|x64.Build.0 = Release|x64
		{7DCB1D36-65EE-41D3-A587-8A666ADDA922}.Release|x86.ActiveCfg = Release|Win32
		{7DCB1D36-65EE-41D3-A587-8A666ADDA922}.Release|x86.Build.0 = Release|Win32
		{06E46E8A-1B67-4845-9BB4-69043BB3EFAC}.Debug|x64.ActiveCfg = Debug|x64
		{06E46E8A-1B67-4845-9BB4-69043BB3EFAC}.Debug|x64.Build.0 = Debug|x64
		{06E46E8A-1B67-4845-9BB4-69043BB3EFAC}.Debug|x86.ActiveCfg = Debug|Win32
		{06E46E8A-1B67-4845-9BB4-69043BB3EFAC}.Debug|x86.Build.0 = Debug|Win32
		{06E46E8A-1B67-4845-9BB4-69043BB3EFAC}.Release|x64.ActiveCfg = Release|x64
		{06E46E8A-1B67-4845-9BB4-69043BB3EFAC}.Release|x64.Build.0 = Release|x64
		{06E46E8A-1B67-4845-9BB4-69043BB3EFAC}.Release|x86.ActiveCfg = Release|Win32
		{06E46E8A-1B67-4845-9BB4-69043BB3EFAC}.Release|x86.Build.0 = Release|Win32
		{6365F9BA-6CF8-4FA7-8620-A1CC2247AF30}.Debug|x64.ActiveCfg = Debug|x64
		{6365F9BA-6CF8-4FA7-8620-A1CC2247AF30}.Debug|x64.Build.0 = Debug|x64
		{6365F9BA-6CF8-4FA7-8620-A1CC2247AF30}.Debug|x86.ActiveCfg = Debug|Win32
		{6365F9BA-6CF8-4FA7-8620-A1CC2247AF30}.Debug|x86.Build.0 = Debug|Win32
		{6365F9BA-6CF8-4FA7-8620-A1CC2247AF30}.Release|x64.ActiveCfg = Release|x64
		{6365F9BA-6CF8-4FA7-8620-A1CC2247AF30}.Release|x64.Build.0 = Release|x64
		{6365F9BA-6CF8-4FA7-8620-A1CC2247AF30}.Release|x86.ActiveCfg = Release|Win32
		{6365F9BA-6CF8-4FA7-8620-A1CC2247AF30}.Release|x86.Build.0 = Release|Win32
		{550C44CB-85EC-4575-959D-752EDB78C0FC}.Debug|x64.ActiveCfg = Debug|x64
		{550C44CB-85EC-4575-959D-752EDB78C0FC}.Debug|x64.Build.0 = Debug|x64
		{550C44CB-85EC-4575-959D-752EDB78C0FC}.Debug|x86.ActiveCfg = Debug|Win32
		{550C44CB-85EC-4575-959D-752EDB78C0FC}.Debug|x86.Build.0 = Debug|Win32
		{550C44CB-85EC-4575-959D-752EDB78C0FC}.Release|x64.ActiveCfg = Release|x64
		{550C44CB-85EC-4575-959D-752EDB78C0FC}.Release|x64.Build.0 = Release|x64
		{550C44CB-85EC-4575-959D-752EDB78C0FC}.Release|x86.ActiveCfg = Release|Win32
		{550C44CB-85EC-4575-959D-752EDB78C0FC}.Release|x86.Build.0 = Release|Win32
		{D14DF95A-5EBA-4B09-AC9D-F6DCD5CECECC}.Debug|x64.ActiveCfg = Debug|x64
		{D14DF95A-5EBA-4B09-AC9D-F6DCD5CECECC}.Debug|x64.Build.0 = Debug|x64
		{D14DF95A-5EBA-4B09-AC9D-F6DCD5CECECC}.Debug|x86.ActiveCfg = Debug|Win32
		{D14DF95A-5EBA-4B09-AC9D-F6DCD5CECECC}.Debug|x86.Build.0 = Debug|Win32
		{D14DF95A-5EBA-4B09-AC9D-F6DCD5CECECC}.Release|x64.ActiveCfg = Release|x64
		{D14DF95A-5EBA-4B09-AC9D-F6DCD5CECECC}.Release|x64.Build.0 = Release|x64
		{D14DF95A-5EBA-4B09-AC9D-F6DCD5CECECC}.Release|x86.ActiveCfg = Release|Win32
		{D14DF95A-5EBA-4B09-AC9D-F6DCD5CECECC}.Release|x86.Build.0 = Release|Win32
		{77596E1D-A0D3-4E18-AECF-85D6938E20CA}.Debug|x64.ActiveCfg = Debug|x64
		{77596E1D-A0D3-4E18-AECF-85D6938E20CA}.Debug|x64.Build.0 = Debug|x64
		{77596E1D-A0D3-4E18-AECF-85D6938E20CA}.Debug|x86.ActiveCfg = Debug|Win32
		{77596E1D-A0D3-4E18-AECF-85D6938E20CA}.Debug|x86.Build.0 = Debug|Win32
		{77596E1D-A0D3-4E18-AECF-85D6938E20CA}.Release|x64.ActiveCfg = Release|x64
		{77596E1D-A0D3-4E18-AECF-85D6938E20CA}.Release|x64.Build.0 = Release|x64
		{77596E1D-A0D3-4E18-AECF-85D6938E20CA}.Release|x86.ActiveCfg = Release|Win32
		{77596E1D-A0D3-4E18-AECF-85D6938E20CA}.Release|x86.Build.0 = Release|Win32
		{6BB5D42B-28E1-4129-9310-819E51601F99}.Debug|x64.ActiveCfg = Debug|x64
		{6BB5D42B-28E1-4129-9310-819E51601F99}.Debug|x64.Build.0 = Debug|x64
		{6BB5D42B-28E1-4129-9310-819E51601F99}.Debug|x86.ActiveCfg = Debug|Win32
		{6BB5D42B-28E1-4129-9310-819E51601F99}.Debug|x86.Build.0 = Debug|Win32
		{6BB5D42B-28E1-4129-9310-819E51601F99}.Release|x64.ActiveCfg = Release|x64
		{6BB5D42B-28E1-4129-9310-819E51601F99}.Release|x64.Build.0 = Release|x64
		{6BB5D42B-28E1-4129-9310-819E51601F99}.Release|x86.ActiveCfg = Release|Win32
		{6BB5D42B-28E1-4129-9310-819E51601F99}.Release|x86.Build.0 = Release|Win32
		{064E9564-5EDE-4687-ABE7-C1B91AFE5DA5}.Debug|x64.ActiveCfg = Debug|x64
		{064E9564-5EDE-4687-ABE7-C1B91AFE5DA5}.Debug|x64.Build.0 = Debug|x64
		{064E9564-5EDE-4687-ABE7-C1B91AFE5DA5}.Debug|x86.ActiveCfg = Debug|Win32
		{064E9564-5EDE-4687-ABE7-C1B91AFE5DA5}.Debug|x86.Build.0 = Debug|Win32
		{064E9564-5EDE-4687-ABE7-C1B91AFE5DA5}.Release|x64.ActiveCfg = Release|x64
		{064E9564-5EDE-4687-ABE7-C1B91AFE5DA5}.Release|x64.Build.0 = Release|x64
		{064E9564-5EDE-4687-ABE7-C1B91AFE5DA5}.Release|x86.ActiveCfg = Release|Win32
		{064E9564-5EDE-4687-ABE7-C1B91AFE5DA5}.Release|x86.Build.0 = Release|Win32
		{BD2C2199-99F8-4FE8-959B-C440CB8BC474}.Debug|x64.ActiveCfg = Debug|x64
		{BD2C2199-99F8-4FE8-959B-C440CB8BC474}.Debug|x64.Build.0 = Debug|x64
		{BD2C2199-99F8-4FE8-959B-C440CB8BC474}.Debug|x86.ActiveCfg = Debug|Win32
		{BD2C2199-99F8-4FE8-959B-C440CB8BC474}.Debug|x86.Build.0 = Debug|Win32
		{BD2C2199-99F8-4FE8-959B-C440CB8BC474}.Release|x64.ActiveCfg = Release|x64
		{BD2C2199-99F8-4FE8-959B-C440CB8BC474}.Release|x64.Build.0 = Release|x64
		{BD2C2199-99F8-4FE8-959B-C440CB8BC474}.Release|x86.ActiveCfg = Release|Win32
		{BD2C2199-99F8-4FE8-959B-C440CB8BC474}.Release|x86.Build.0 = Release|Win32
		{AAEB38C3-C004-4680-946B-0B62E4639F99}.Debug|x64.ActiveCfg = Debug|x64
		{AAEB38C3-C004-4680-946B-0B62E4639F99}.Debug|x64.Build.0 = Debug|x64
		{AAEB38C3-C004-4680-946B-0B62E4639F99}.Debug|x86.ActiveCfg = Debug|Win32
		{AAEB38C3-C004-4680-946B-0B62E4639F99}.Debug|x86.Build.0 = Debug|Win32
		{AAEB38C3-C004-4680-946B-0B62E4639F99}.Release|x64.ActiveCfg = Release|x64
		{AAEB38C3-C004-4680-946B-0B62E4639F99}.Release|x64.Build.0 = Release|x64
		{AAEB38C3-C004-4680-946B-0B62E4639F99}.Release|x86.ActiveCfg = Release|Win32
		{AAEB38C3-C004-4680-946B-0B62E4639F99}.Release|x86.Build.0 = Release|Win32
	EndGlobalSection
	GlobalSection(SolutionProperties) = preSolution
		HideSolutionNode = FALSE
	EndGlobalSection
	GlobalSection(ExtensibilityGlobals) = postSolution
		SolutionGuid = {AE52CDA0-782A-4F65-BF59-7307B0AE7433}
	EndGlobalSection
EndGlobal
