<?xml version="1.0" encoding="utf-8"?>
<Project ToolsVersion="4.0" xmlns="http://schemas.microsoft.com/developer/msbuild/2003">
  <ItemGroup>
    <Filter Include="源文件">
      <UniqueIdentifier>{4FC737F1-C7A5-4376-A066-2A32D752A2FF}</UniqueIdentifier>
      <Extensions>cpp;c;cc;cxx;def;odl;idl;hpj;bat;asm;asmx</Extensions>
    </Filter>
    <Filter Include="头文件">
      <UniqueIdentifier>{93995380-89BD-4b04-88EB-625FBE52EBFB}</UniqueIdentifier>
      <Extensions>h;hh;hpp;hxx;hm;inl;inc;ipp;xsd</Extensions>
    </Filter>
    <Filter Include="资源文件">
      <UniqueIdentifier>{67DA6AB6-F800-4c08-8B7A-83BB121AAD01}</UniqueIdentifier>
      <Extensions>rc;ico;cur;bmp;dlg;rc2;rct;bin;rgs;gif;jpg;jpeg;jpe;resx;tiff;tif;png;wav;mfcribbon-ms</Extensions>
    </Filter>
    <Filter Include="other">
      <UniqueIdentifier>{c6cb3412-c841-452c-8d49-60e497cbfe66}</UniqueIdentifier>
    </Filter>
  </ItemGroup>
  <ItemGroup>
    <ClCompile Include="..\posesolver\framedata.cpp">
      <Filter>other</Filter>
    </ClCompile>
    <ClCompile Include="..\render\camviewer.cpp">
      <Filter>other</Filter>
    </ClCompile>
    <ClCompile Include="..\render\render_object.cpp">
      <Filter>other</Filter>
    </ClCompile>
    <ClCompile Include="..\render\render_utils.cpp">
      <Filter>other</Filter>
    </ClCompile>
    <ClCompile Include="..\render\renderer.cpp">
      <Filter>other</Filter>
    </ClCompile>
    <ClCompile Include="..\render\shader.cpp">
      <Filter>other</Filter>
    </ClCompile>
    <ClCompile Include="shapesolver.cpp">
      <Filter>源文件</Filter>
    </ClCompile>
    <ClCompile Include="..\articulation\pigmodel.cpp">
      <Filter>other</Filter>
    </ClCompile>
    <ClCompile Include="..\articulation\pigsolver_fitting.cpp">
      <Filter>other</Filter>
    </ClCompile>
    <ClCompile Include="..\articulation\pigsolver_jacobi.cpp">
      <Filter>other</Filter>
    </ClCompile>
    <ClCompile Include="..\articulation\pigsolver_sil.cpp">
      <Filter>other</Filter>
    </ClCompile>
    <ClCompile Include="main.cpp">
      <Filter>源文件</Filter>
    </ClCompile>
    <ClCompile Include="..\utils\volume.cpp">
      <Filter>other</Filter>
    </ClCompile>
    <ClCompile Include="..\utils\skel.cpp">
      <Filter>other</Filter>
    </ClCompile>
    <ClCompile Include="..\utils\node_graph.cpp">
      <Filter>other</Filter>
    </ClCompile>
    <ClCompile Include="..\utils\mesh.cpp">
      <Filter>other</Filter>
    </ClCompile>
    <ClCompile Include="..\utils\math_utils.cpp">
      <Filter>other</Filter>
    </ClCompile>
    <ClCompile Include="..\utils\image_utils_gpu.cpp">
      <Filter>other</Filter>
    </ClCompile>
    <ClCompile Include="..\utils\image_utils.cpp">
      <Filter>other</Filter>
    </ClCompile>
    <ClCompile Include="..\utils\camera.cpp">
      <Filter>other</Filter>
    </ClCompile>
    <ClCompile Include="..\utils\geometry.cpp">
      <Filter>other</Filter>
    </ClCompile>
    <ClCompile Include="..\articulation\pigmodeldevice.cpp">
      <Filter>other</Filter>
    </ClCompile>
    <ClCompile Include="..\articulation\pigsolverdevice.cpp">
      <Filter>other</Filter>
    </ClCompile>
    <ClCompile Include="..\VAE\decoder.cpp">
      <Filter>other</Filter>
    </ClCompile>
    <ClCompile Include="..\VAE\layers.cpp">
      <Filter>other</Filter>
    </ClCompile>
    <ClCompile Include="..\GMM\gmm.cpp">
      <Filter>other</Filter>
    </ClCompile>
    <ClCompile Include="..\posesolver\framesolver.cpp">
      <Filter>other</Filter>
    </ClCompile>
    <ClCompile Include="..\posesolver\matching.cpp">
      <Filter>other</Filter>
    </ClCompile>
    <ClCompile Include="..\posesolver\tracking.cpp">
      <Filter>other</Filter>
    </ClCompile>
    <ClCompile Include="..\posesolver\clusterclique.cpp">
      <Filter>other</Filter>
    </ClCompile>
    <ClCompile Include="..\posesolver\scenedata.cpp">
      <Filter>other</Filter>
    </ClCompile>
    <ClCompile Include="..\posesolver\mce\AdjacencyListAlgorithm.cpp">
      <Filter>other</Filter>
    </ClCompile>
    <ClCompile Include="..\posesolver\mce\Algorithm.cpp">
      <Filter>other</Filter>
    </ClCompile>
    <ClCompile Include="..\posesolver\mce\MemoryManager.cpp">
      <Filter>other</Filter>
    </ClCompile>
    <ClCompile Include="..\posesolver\mce\Tools.cpp">
      <Filter>other</Filter>
    </ClCompile>
    <ClCompile Include="..\utils\Hungarian.cpp">
      <Filter>other</Filter>
    </ClCompile>
    <ClCompile Include="assist_functions.cpp">
      <Filter>源文件</Filter>
    </ClCompile>
  </ItemGroup>
  <ItemGroup>
    <ClInclude Include="..\posesolver\framedata.h">
      <Filter>other</Filter>
    </ClInclude>
    <ClInclude Include="shapesolver.h">
      <Filter>头文件</Filter>
    </ClInclude>
    <ClInclude Include="..\articulation\pigmodel.h">
      <Filter>other</Filter>
    </ClInclude>
    <ClInclude Include="..\articulation\pigsolver.h">
      <Filter>other</Filter>
    </ClInclude>
    <ClInclude Include="..\utils\nanoflann.hpp">
      <Filter>other</Filter>
    </ClInclude>
    <ClInclude Include="..\utils\volume.h">
      <Filter>other</Filter>
    </ClInclude>
    <ClInclude Include="..\utils\timer_util.h">
      <Filter>other</Filter>
    </ClInclude>
    <ClInclude Include="..\utils\skel.h">
      <Filter>other</Filter>
    </ClInclude>
    <ClInclude Include="..\utils\show_gpu_param.h">
      <Filter>other</Filter>
    </ClInclude>
    <ClInclude Include="..\utils\node_graph.h">
      <Filter>other</Filter>
    </ClInclude>
    <ClInclude Include="..\utils\mesh.h">
      <Filter>other</Filter>
    </ClInclude>
    <ClInclude Include="..\utils\math_utils.h">
      <Filter>other</Filter>
    </ClInclude>
    <ClInclude Include="..\utils\kdtree.h">
      <Filter>other</Filter>
    </ClInclude>
    <ClInclude Include="..\utils\image_utils_gpu.h">
      <Filter>other</Filter>
    </ClInclude>
    <ClInclude Include="..\utils\image_utils.h">
      <Filter>other</Filter>
    </ClInclude>
    <ClInclude Include="..\utils\camera.h">
      <Filter>other</Filter>
    </ClInclude>
    <ClInclude Include="..\utils\geometry.h">
      <Filter>other</Filter>
    </ClInclude>
    <ClInclude Include="..\articulation\pigmodeldevice.h">
      <Filter>other</Filter>
    </ClInclude>
    <ClInclude Include="..\articulation\pigsolverdevice.h">
      <Filter>other</Filter>
    </ClInclude>
    <ClInclude Include="assist_functions.h">
      <Filter>头文件</Filter>
    </ClInclude>
  </ItemGroup>
  <ItemGroup>
    <CudaCompile Include="..\render\cuda_utils_render.cu">
      <Filter>other</Filter>
    </CudaCompile>
    <CudaCompile Include="..\articulation\pigmodeldevice.cu">
      <Filter>other</Filter>
    </CudaCompile>
    <CudaCompile Include="..\articulation\pigsolverdevice.cu">
      <Filter>other</Filter>
    </CudaCompile>
    <CudaCompile Include="..\articulation\gpuutils.cu">
      <Filter>other</Filter>
    </CudaCompile>
    <CudaCompile Include="..\utils\image_utils_gpu.cu">
      <Filter>other</Filter>
    </CudaCompile>
  </ItemGroup>
  <ItemGroup>
    <None Include="artist_shape_config.json" />
  </ItemGroup>
</Project>