<?xml version="1.0" encoding="utf-8"?>
<Project ToolsVersion="4.0" xmlns="http://schemas.microsoft.com/developer/msbuild/2003">
  <ItemGroup>
    <Filter Include="源文件">
      <UniqueIdentifier>{4FC737F1-C7A5-4376-A066-2A32D752A2FF}</UniqueIdentifier>
      <Extensions>cpp;c;cc;cxx;def;odl;idl;hpj;bat;asm;asmx</Extensions>
    </Filter>
    <Filter Include="头文件">
      <UniqueIdentifier>{93995380-89BD-4b04-88EB-625FBE52EBFB}</UniqueIdentifier>
      <Extensions>h;hh;hpp;hxx;hm;inl;inc;ipp;xsd</Extensions>
    </Filter>
    <Filter Include="资源文件">
      <UniqueIdentifier>{67DA6AB6-F800-4c08-8B7A-83BB121AAD01}</UniqueIdentifier>
      <Extensions>rc;ico;cur;bmp;dlg;rc2;rct;bin;rgs;gif;jpg;jpeg;jpe;resx;tiff;tif;png;wav;mfcribbon-ms</Extensions>
    </Filter>
  </ItemGroup>
  <ItemGroup>
    <ClCompile Include="camera.cpp">
      <Filter>源文件</Filter>
    </ClCompile>
    <ClCompile Include="geometry.cpp">
      <Filter>源文件</Filter>
    </ClCompile>
    <ClCompile Include="image_utils.cpp">
      <Filter>源文件</Filter>
    </ClCompile>
    <ClCompile Include="math_utils.cpp">
      <Filter>源文件</Filter>
    </ClCompile>
    <ClCompile Include="volume.cpp">
      <Filter>源文件</Filter>
    </ClCompile>
    <ClCompile Include="test_main.cpp">
      <Filter>源文件</Filter>
    </ClCompile>
    <ClCompile Include="mesh.cpp">
      <Filter>源文件</Filter>
    </ClCompile>
    <ClCompile Include="hungarian.cpp">
      <Filter>源文件</Filter>
    </ClCompile>
    <ClCompile Include="skel.cpp">
      <Filter>源文件</Filter>
    </ClCompile>
    <ClCompile Include="image_utils_gpu.cpp">
      <Filter>源文件</Filter>
    </ClCompile>
  </ItemGroup>
  <ItemGroup>
    <ClInclude Include="camera.h">
      <Filter>头文件</Filter>
    </ClInclude>
    <ClInclude Include="colorterminal.h">
      <Filter>头文件</Filter>
    </ClInclude>
    <ClInclude Include="geometry.h">
      <Filter>头文件</Filter>
    </ClInclude>
    <ClInclude Include="image_utils.h">
      <Filter>头文件</Filter>
    </ClInclude>
    <ClInclude Include="kdtree.h">
      <Filter>头文件</Filter>
    </ClInclude>
    <ClInclude Include="math_utils.h">
      <Filter>头文件</Filter>
    </ClInclude>
    <ClInclude Include="nanoflann.hpp">
      <Filter>头文件</Filter>
    </ClInclude>
    <ClInclude Include="safe_call.hpp">
      <Filter>头文件</Filter>
    </ClInclude>
    <ClInclude Include="timer_util.h">
      <Filter>头文件</Filter>
    </ClInclude>
    <ClInclude Include="volume.h">
      <Filter>头文件</Filter>
    </ClInclude>
    <ClInclude Include="test_main.h">
      <Filter>头文件</Filter>
    </ClInclude>
    <ClInclude Include="mesh.h">
      <Filter>头文件</Filter>
    </ClInclude>
    <ClInclude Include="hungarian.h">
      <Filter>头文件</Filter>
    </ClInclude>
    <ClInclude Include="skel.h">
      <Filter>头文件</Filter>
    </ClInclude>
    <ClInclude Include="image_utils_gpu.h">
      <Filter>头文件</Filter>
    </ClInclude>
    <ClInclude Include="show_gpu_param.h">
      <Filter>头文件</Filter>
    </ClInclude>
    <ClInclude Include="definitions.h">
      <Filter>头文件</Filter>
    </ClInclude>
    <ClInclude Include="gpuutils.h">
      <Filter>头文件</Filter>
    </ClInclude>
  </ItemGroup>
  <ItemGroup>
    <CudaCompile Include="image_utils_gpu.cu">
      <Filter>源文件</Filter>
    </CudaCompile>
    <CudaCompile Include="gpuutils.cu">
      <Filter>源文件</Filter>
    </CudaCompile>
  </ItemGroup>
</Project>