<?xml version="1.0" encoding="utf-8"?>
<Project ToolsVersion="4.0" xmlns="http://schemas.microsoft.com/developer/msbuild/2003">
  <ItemGroup>
    <Filter Include="Source Files">
      <UniqueIdentifier>{4FC737F1-C7A5-4376-A066-2A32D752A2FF}</UniqueIdentifier>
      <Extensions>cpp;c;cc;cxx;def;odl;idl;hpj;bat;asm;asmx</Extensions>
    </Filter>
    <Filter Include="Header Files">
      <UniqueIdentifier>{93995380-89BD-4b04-88EB-625FBE52EBFB}</UniqueIdentifier>
      <Extensions>h;hh;hpp;hxx;hm;inl;inc;xsd</Extensions>
    </Filter>
    <Filter Include="Resource Files">
      <UniqueIdentifier>{67DA6AB6-F800-4c08-8B7A-83BB121AAD01}</UniqueIdentifier>
      <Extensions>rc;ico;cur;bmp;dlg;rc2;rct;bin;rgs;gif;jpg;jpeg;jpe;resx;tiff;tif;png;wav;mfcribbon-ms</Extensions>
    </Filter>
    <Filter Include="associate">
      <UniqueIdentifier>{5fb99e46-a45e-477d-addc-74fbd43b11a8}</UniqueIdentifier>
    </Filter>
    <Filter Include="associate\mce">
      <UniqueIdentifier>{0ba8c2f1-cdb7-4b96-88db-c707de187fd9}</UniqueIdentifier>
    </Filter>
    <Filter Include="utils">
      <UniqueIdentifier>{91701ef2-797d-46d1-8f09-e94f5f7d76ce}</UniqueIdentifier>
    </Filter>
    <Filter Include="exec">
      <UniqueIdentifier>{07d708d4-d665-42f0-af08-d8df9e911d67}</UniqueIdentifier>
    </Filter>
    <Filter Include="nanorender">
      <UniqueIdentifier>{eb5f9722-17dd-4e41-aee9-d4598ec4a98b}</UniqueIdentifier>
    </Filter>
    <Filter Include="render">
      <UniqueIdentifier>{09d719a1-ccfa-44ff-9493-52f9420c26de}</UniqueIdentifier>
    </Filter>
    <Filter Include="articulation">
      <UniqueIdentifier>{38965ab8-4187-418f-af33-c8c611331a87}</UniqueIdentifier>
    </Filter>
    <Filter Include="calibration">
      <UniqueIdentifier>{730e39a9-bd77-4a3b-809b-3c4bf6b9882e}</UniqueIdentifier>
    </Filter>
  </ItemGroup>
  <ItemGroup>
    <ClCompile Include="..\associate\clusterclique.cpp">
      <Filter>associate</Filter>
    </ClCompile>
    <ClCompile Include="..\associate\framedata.cpp">
      <Filter>associate</Filter>
    </ClCompile>
    <ClCompile Include="..\associate\framedata_PMT.cpp">
      <Filter>associate</Filter>
    </ClCompile>
    <ClCompile Include="..\associate\matching.cpp">
      <Filter>associate</Filter>
    </ClCompile>
    <ClCompile Include="..\associate\skel.cpp">
      <Filter>associate</Filter>
    </ClCompile>
    <ClCompile Include="..\associate\tracking.cpp">
      <Filter>associate</Filter>
    </ClCompile>
    <ClCompile Include="..\associate\mce\AdjacencyListAlgorithm.cpp">
      <Filter>associate\mce</Filter>
    </ClCompile>
    <ClCompile Include="..\associate\mce\Algorithm.cpp">
      <Filter>associate\mce</Filter>
    </ClCompile>
    <ClCompile Include="..\associate\mce\MemoryManager.cpp">
      <Filter>associate\mce</Filter>
    </ClCompile>
    <ClCompile Include="..\associate\mce\Tools.cpp">
      <Filter>associate\mce</Filter>
    </ClCompile>
    <ClCompile Include="..\utils\camera.cpp">
      <Filter>utils</Filter>
    </ClCompile>
    <ClCompile Include="..\utils\geometry.cpp">
      <Filter>utils</Filter>
    </ClCompile>
    <ClCompile Include="..\utils\Hungarian.cpp">
      <Filter>utils</Filter>
    </ClCompile>
    <ClCompile Include="..\utils\image_utils.cpp">
      <Filter>utils</Filter>
    </ClCompile>
    <ClCompile Include="..\utils\math_utils.cpp">
      <Filter>utils</Filter>
    </ClCompile>
    <ClCompile Include="..\utils\obj_reader.cpp">
      <Filter>utils</Filter>
    </ClCompile>
    <ClCompile Include="..\associate\framedata_shape.cpp">
      <Filter>associate</Filter>
    </ClCompile>
    <ClCompile Include="..\utils\node_graph.cpp">
      <Filter>utils</Filter>
    </ClCompile>
    <ClCompile Include="..\utils\volume.cpp">
      <Filter>utils</Filter>
    </ClCompile>
    <ClCompile Include="..\utils\model.cpp">
      <Filter>utils</Filter>
    </ClCompile>
    <ClCompile Include="..\utils\objloader.cpp">
      <Filter>utils</Filter>
    </ClCompile>
    <ClCompile Include="..\exec\main.cpp">
      <Filter>exec</Filter>
    </ClCompile>
    <ClCompile Include="..\exec\testfunc.cpp">
      <Filter>exec</Filter>
    </ClCompile>
    <ClCompile Include="..\exec\run_render.cpp">
      <Filter>exec</Filter>
    </ClCompile>
    <ClCompile Include="..\utils\dataconverter.cpp">
      <Filter>utils</Filter>
    </ClCompile>
    <ClCompile Include="..\nanorender\NanoRenderer.cpp">
      <Filter>nanorender</Filter>
    </ClCompile>
    <ClCompile Include="..\nanorender\RenderObject.cpp">
      <Filter>nanorender</Filter>
    </ClCompile>
    <ClCompile Include="..\nanorender\shader_file.cpp">
      <Filter>nanorender</Filter>
    </ClCompile>
    <ClCompile Include="..\exec\run_pose.cpp">
      <Filter>exec</Filter>
    </ClCompile>
    <ClCompile Include="..\exec\compute_sym.cpp">
      <Filter>exec</Filter>
    </ClCompile>
    <ClCompile Include="..\exec\run_shape.cpp">
      <Filter>exec</Filter>
    </ClCompile>
    <ClCompile Include="..\exec\annotate.cpp">
      <Filter>exec</Filter>
    </ClCompile>
    <ClCompile Include="..\exec\modify_model.cpp">
      <Filter>exec</Filter>
    </ClCompile>
    <ClCompile Include="..\exec\write_video.cpp">
      <Filter>exec</Filter>
    </ClCompile>
    <ClCompile Include="..\associate\associator.cpp">
      <Filter>associate</Filter>
    </ClCompile>
    <ClCompile Include="..\render\camviewer.cpp">
      <Filter>render</Filter>
    </ClCompile>
    <ClCompile Include="..\render\render_object.cpp">
      <Filter>render</Filter>
    </ClCompile>
    <ClCompile Include="..\render\render_utils.cpp">
      <Filter>render</Filter>
    </ClCompile>
    <ClCompile Include="..\render\renderer.cpp">
      <Filter>render</Filter>
    </ClCompile>
    <ClCompile Include="..\render\shader.cpp">
      <Filter>render</Filter>
    </ClCompile>
    <ClCompile Include="..\articulation\pigmodel.cpp">
      <Filter>articulation</Filter>
    </ClCompile>
    <ClCompile Include="..\articulation\pigsolver_fitting.cpp">
      <Filter>articulation</Filter>
    </ClCompile>
    <ClCompile Include="..\articulation\pigsolver_jacobi.cpp">
      <Filter>articulation</Filter>
    </ClCompile>
    <ClCompile Include="..\articulation\pigsolver_shape.cpp">
      <Filter>articulation</Filter>
    </ClCompile>
    <ClCompile Include="..\calibration\annotator.cpp">
      <Filter>calibration</Filter>
    </ClCompile>
    <ClCompile Include="..\calibration\BASolver.cpp">
      <Filter>calibration</Filter>
    </ClCompile>
    <ClCompile Include="..\calibration\calibration.cpp">
      <Filter>calibration</Filter>
    </ClCompile>
    <ClCompile Include="..\exec\run_pose_render.cpp">
      <Filter>exec</Filter>
    </ClCompile>
  </ItemGroup>
  <ItemGroup>
    <ClInclude Include="..\associate\clusterclique.h">
      <Filter>associate</Filter>
    </ClInclude>
    <ClInclude Include="..\associate\framedata.h">
      <Filter>associate</Filter>
    </ClInclude>
    <ClInclude Include="..\associate\matching.h">
      <Filter>associate</Filter>
    </ClInclude>
    <ClInclude Include="..\associate\skel.h">
      <Filter>associate</Filter>
    </ClInclude>
    <ClInclude Include="..\associate\tracking.h">
      <Filter>associate</Filter>
    </ClInclude>
    <ClInclude Include="..\associate\mce\AdjacencyListAlgorithm.h">
      <Filter>associate\mce</Filter>
    </ClInclude>
    <ClInclude Include="..\associate\mce\Algorithm.h">
      <Filter>associate\mce</Filter>
    </ClInclude>
    <ClInclude Include="..\associate\mce\MemoryManager.h">
      <Filter>associate\mce</Filter>
    </ClInclude>
    <ClInclude Include="..\associate\mce\Tools.h">
      <Filter>associate\mce</Filter>
    </ClInclude>
    <ClInclude Include="..\utils\camera.h">
      <Filter>utils</Filter>
    </ClInclude>
    <ClInclude Include="..\utils\colorterminal.h">
      <Filter>utils</Filter>
    </ClInclude>
    <ClInclude Include="..\utils\geometry.h">
      <Filter>utils</Filter>
    </ClInclude>
    <ClInclude Include="..\utils\Hungarian.h">
      <Filter>utils</Filter>
    </ClInclude>
    <ClInclude Include="..\utils\image_utils.h">
      <Filter>utils</Filter>
    </ClInclude>
    <ClInclude Include="..\utils\math_utils.h">
      <Filter>utils</Filter>
    </ClInclude>
    <ClInclude Include="..\utils\obj_reader.h">
      <Filter>utils</Filter>
    </ClInclude>
    <ClInclude Include="..\utils\timer_util.h">
      <Filter>utils</Filter>
    </ClInclude>
    <ClInclude Include="..\utils\kdtree.h">
      <Filter>utils</Filter>
    </ClInclude>
    <ClInclude Include="..\utils\model.h">
      <Filter>utils</Filter>
    </ClInclude>
    <ClInclude Include="..\utils\nanoflann.hpp">
      <Filter>utils</Filter>
    </ClInclude>
    <ClInclude Include="..\utils\node_graph.h">
      <Filter>utils</Filter>
    </ClInclude>
    <ClInclude Include="..\utils\volume.h">
      <Filter>utils</Filter>
    </ClInclude>
    <ClInclude Include="..\utils\objloader.h">
      <Filter>utils</Filter>
    </ClInclude>
    <ClInclude Include="..\utils\safe_call.hpp">
      <Filter>utils</Filter>
    </ClInclude>
    <ClInclude Include="..\utils\timer.hpp">
      <Filter>utils</Filter>
    </ClInclude>
    <ClInclude Include="..\exec\main.h">
      <Filter>exec</Filter>
    </ClInclude>
    <ClInclude Include="..\utils\dataconverter.h">
      <Filter>utils</Filter>
    </ClInclude>
    <ClInclude Include="..\nanorender\NanoRenderer.h">
      <Filter>nanorender</Filter>
    </ClInclude>
    <ClInclude Include="..\nanorender\RenderObject.h">
      <Filter>nanorender</Filter>
    </ClInclude>
    <ClInclude Include="..\nanorender\shader_file.h">
      <Filter>nanorender</Filter>
    </ClInclude>
    <ClInclude Include="..\associate\associator.h">
      <Filter>associate</Filter>
    </ClInclude>
    <ClInclude Include="..\render\camviewer.h">
      <Filter>render</Filter>
    </ClInclude>
    <ClInclude Include="..\render\render_object.h">
      <Filter>render</Filter>
    </ClInclude>
    <ClInclude Include="..\render\render_utils.h">
      <Filter>render</Filter>
    </ClInclude>
    <ClInclude Include="..\render\renderer.h">
      <Filter>render</Filter>
    </ClInclude>
    <ClInclude Include="..\render\shader.h">
      <Filter>render</Filter>
    </ClInclude>
    <ClInclude Include="..\render\stb_image.h">
      <Filter>render</Filter>
    </ClInclude>
    <ClInclude Include="..\articulation\pigmodel.h">
      <Filter>articulation</Filter>
    </ClInclude>
    <ClInclude Include="..\articulation\pigsolver.h">
      <Filter>articulation</Filter>
    </ClInclude>
    <ClInclude Include="..\calibration\annotator.h">
      <Filter>calibration</Filter>
    </ClInclude>
    <ClInclude Include="..\calibration\BASolver.h">
      <Filter>calibration</Filter>
    </ClInclude>
    <ClInclude Include="..\calibration\calibration.h">
      <Filter>calibration</Filter>
    </ClInclude>
  </ItemGroup>
  <ItemGroup>
    <None Include="..\associate\config.json">
      <Filter>associate</Filter>
    </None>
    <None Include="..\.gitignore" />
    <None Include="..\articulation\pigmodel_config.json">
      <Filter>articulation</Filter>
    </None>
    <None Include="..\articulation\smal_config.json">
      <Filter>articulation</Filter>
    </None>
    <None Include="..\articulation\smal2_config.json">
      <Filter>articulation</Filter>
    </None>
    <None Include="..\articulation\artist_config.json">
      <Filter>articulation</Filter>
    </None>
  </ItemGroup>
</Project>